
Microsoft Visual Studio Solution File, Format Version 12.00
# Visual Studio Version 17
VisualStudioVersion = 17.0.31912.275
MinimumVisualStudioVersion = 10.0.40219.1
Project("{FAE04EC0-301F-11D3-BF4B-00C04F79EFBC}") = "D1MOND_bot", "D1MOND_bot\D1MOND_bot.csproj", "{EC986569-1609-4163-A3EF-53131A35038B}"
EndProject
Global
	GlobalSection(SolutionConfigurationPlatforms) = preSolution
		Debug|Any CPU = Debug|Any CPU
		Release|Any CPU = Release|Any CPU
	EndGlobalSection
	GlobalSection(ProjectConfigurationPlatforms) = postSolution
		{EC986569-1609-4163-A3EF-53131A35038B}.Debug|Any CPU.ActiveCfg = Debug|Any CPU
		{EC986569-1609-4163-A3EF-53131A35038B}.Debug|Any CPU.Build.0 = Debug|Any CPU
		{EC986569-1609-4163-A3EF-53131A35038B}.Release|Any CPU.ActiveCfg = Release|Any CPU
		{EC986569-1609-4163-A3EF-53131A35038B}.Release|Any CPU.Build.0 = Release|Any CPU
	EndGlobalSection
	GlobalSection(SolutionProperties) = preSolution
		HideSolutionNode = FALSE
	EndGlobalSection
	GlobalSection(ExtensibilityGlobals) = postSolution
		SolutionGuid = {6E9E1BA5-E002-4E25-A8D2-7834875691A2}
	EndGlobalSection
EndGlobal
